// !$*UTF8*$!
{
	archiveVersion = 1;
	classes = {
	};
	objectVersion = 50;
	objects = {

/* Begin PBXBuildFile section */
		3BE4EADB219CA170002D8E57 /* AppDelegate.swift in Sources */ = {isa = PBXBuildFile; fileRef = 3BE4EADA219CA170002D8E57 /* AppDelegate.swift */; };
		3BE4EADD219CA170002D8E57 /* ViewController.swift in Sources */ = {isa = PBXBuildFile; fileRef = 3BE4EADC219CA170002D8E57 /* ViewController.swift */; };
		3BE4EAE0219CA170002D8E57 /* Main.storyboard in Resources */ = {isa = PBXBuildFile; fileRef = 3BE4EADE219CA170002D8E57 /* Main.storyboard */; };
		3BE4EAE2219CA170002D8E57 /* Assets.xcassets in Resources */ = {isa = PBXBuildFile; fileRef = 3BE4EAE1219CA170002D8E57 /* Assets.xcassets */; };
		3BE4EAE5219CA170002D8E57 /* LaunchScreen.storyboard in Resources */ = {isa = PBXBuildFile; fileRef = 3BE4EAE3219CA170002D8E57 /* LaunchScreen.storyboard */; };
		3BE4EAF2219CA6B2002D8E57 /* APIKey.swift in Sources */ = {isa = PBXBuildFile; fileRef = 3BE4EAF1219CA6B2002D8E57 /* APIKey.swift */; };
		3BE4EAF5219CAA18002D8E57 /* Location.swift in Sources */ = {isa = PBXBuildFile; fileRef = 3BE4EAF4219CAA18002D8E57 /* Location.swift */; };
		3BE4EAF8219CAAB7002D8E57 /* APIManager.swift in Sources */ = {isa = PBXBuildFile; fileRef = 3BE4EAF7219CAAB7002D8E57 /* APIManager.swift */; };
		C4D836E831A463D4C264A9EE /* Pods_WeatherApp.framework in Frameworks */ = {isa = PBXBuildFile; fileRef = 2A7CD04E572CE2EA051F786F /* Pods_WeatherApp.framework */; };
/* End PBXBuildFile section */

/* Begin PBXFileReference section */
		2A7CD04E572CE2EA051F786F /* Pods_WeatherApp.framework */ = {isa = PBXFileReference; explicitFileType = wrapper.framework; includeInIndex = 0; path = Pods_WeatherApp.framework; sourceTree = BUILT_PRODUCTS_DIR; };
		2D2B138570684D0013C3F018 /* Pods-WeatherApp.release.xcconfig */ = {isa = PBXFileReference; includeInIndex = 1; lastKnownFileType = text.xcconfig; name = "Pods-WeatherApp.release.xcconfig"; path = "Pods/Target Support Files/Pods-WeatherApp/Pods-WeatherApp.release.xcconfig"; sourceTree = "<group>"; };
		3BE4EAD7219CA170002D8E57 /* WeatherApp.app */ = {isa = PBXFileReference; explicitFileType = wrapper.application; includeInIndex = 0; path = WeatherApp.app; sourceTree = BUILT_PRODUCTS_DIR; };
		3BE4EADA219CA170002D8E57 /* AppDelegate.swift */ = {isa = PBXFileReference; lastKnownFileType = sourcecode.swift; path = AppDelegate.swift; sourceTree = "<group>"; };
		3BE4EADC219CA170002D8E57 /* ViewController.swift */ = {isa = PBXFileReference; lastKnownFileType = sourcecode.swift; path = ViewController.swift; sourceTree = "<group>"; };
		3BE4EADF219CA170002D8E57 /* Base */ = {isa = PBXFileReference; lastKnownFileType = file.storyboard; name = Base; path = Base.lproj/Main.storyboard; sourceTree = "<group>"; };
		3BE4EAE1219CA170002D8E57 /* Assets.xcassets */ = {isa = PBXFileReference; lastKnownFileType = folder.assetcatalog; path = Assets.xcassets; sourceTree = "<group>"; };
		3BE4EAE4219CA170002D8E57 /* Base */ = {isa = PBXFileReference; lastKnownFileType = file.storyboard; name = Base; path = Base.lproj/LaunchScreen.storyboard; sourceTree = "<group>"; };
		3BE4EAE6219CA170002D8E57 /* Info.plist */ = {isa = PBXFileReference; lastKnownFileType = text.plist.xml; path = Info.plist; sourceTree = "<group>"; };
		3BE4EAF1219CA6B2002D8E57 /* APIKey.swift */ = {isa = PBXFileReference; lastKnownFileType = sourcecode.swift; path = APIKey.swift; sourceTree = "<group>"; };
		3BE4EAF4219CAA18002D8E57 /* Location.swift */ = {isa = PBXFileReference; lastKnownFileType = sourcecode.swift; path = Location.swift; sourceTree = "<group>"; };
		3BE4EAF7219CAAB7002D8E57 /* APIManager.swift */ = {isa = PBXFileReference; lastKnownFileType = sourcecode.swift; path = APIManager.swift; sourceTree = "<group>"; };
		3DA21F3265AFAF2346C60193 /* Pods-WeatherApp.debug.xcconfig */ = {isa = PBXFileReference; includeInIndex = 1; lastKnownFileType = text.xcconfig; name = "Pods-WeatherApp.debug.xcconfig"; path = "Pods/Target Support Files/Pods-WeatherApp/Pods-WeatherApp.debug.xcconfig"; sourceTree = "<group>"; };
/* End PBXFileReference section */

/* Begin PBXFrameworksBuildPhase section */
		3BE4EAD4219CA16F002D8E57 /* Frameworks */ = {
			isa = PBXFrameworksBuildPhase;
			buildActionMask = 2147483647;
			files = (
				C4D836E831A463D4C264A9EE /* Pods_WeatherApp.framework in Frameworks */,
			);
			runOnlyForDeploymentPostprocessing = 0;
		};
/* End PBXFrameworksBuildPhase section */

/* Begin PBXGroup section */
		3BE4EACE219CA16F002D8E57 = {
			isa = PBXGroup;
			children = (
				3BE4EAF6219CAA4C002D8E57 /* ViewControllers */,
				3BE4EAF3219CAA05002D8E57 /* Models */,
				3BE4EAEE219CA681002D8E57 /* API */,
				3BE4EAD9219CA170002D8E57 /* WeatherApp */,
				3BE4EAD8219CA170002D8E57 /* Products */,
				9C3DB7B634841496083847B9 /* Pods */,
				83902E4048A50AA478C4510D /* Frameworks */,
			);
			sourceTree = "<group>";
		};
		3BE4EAD8219CA170002D8E57 /* Products */ = {
			isa = PBXGroup;
			children = (
				3BE4EAD7219CA170002D8E57 /* WeatherApp.app */,
			);
			name = Products;
			sourceTree = "<group>";
		};
		3BE4EAD9219CA170002D8E57 /* WeatherApp */ = {
			isa = PBXGroup;
			children = (
				3BE4EADA219CA170002D8E57 /* AppDelegate.swift */,
				3BE4EADE219CA170002D8E57 /* Main.storyboard */,
				3BE4EAE1219CA170002D8E57 /* Assets.xcassets */,
				3BE4EAE3219CA170002D8E57 /* LaunchScreen.storyboard */,
				3BE4EAE6219CA170002D8E57 /* Info.plist */,
			);
			path = WeatherApp;
			sourceTree = "<group>";
		};
		3BE4EAEE219CA681002D8E57 /* API */ = {
			isa = PBXGroup;
			children = (
				3BE4EAF1219CA6B2002D8E57 /* APIKey.swift */,
				3BE4EAF7219CAAB7002D8E57 /* APIManager.swift */,
			);
			path = API;
			sourceTree = "<group>";
		};
		3BE4EAF3219CAA05002D8E57 /* Models */ = {
			isa = PBXGroup;
			children = (
				3BE4EAF4219CAA18002D8E57 /* Location.swift */,
			);
			path = Models;
			sourceTree = "<group>";
		};
		3BE4EAF6219CAA4C002D8E57 /* ViewControllers */ = {
			isa = PBXGroup;
			children = (
				3BE4EADC219CA170002D8E57 /* ViewController.swift */,
			);
			path = ViewControllers;
			sourceTree = "<group>";
		};
		83902E4048A50AA478C4510D /* Frameworks */ = {
			isa = PBXGroup;
			children = (
				2A7CD04E572CE2EA051F786F /* Pods_WeatherApp.framework */,
			);
			name = Frameworks;
			sourceTree = "<group>";
		};
		9C3DB7B634841496083847B9 /* Pods */ = {
			isa = PBXGroup;
			children = (
				3DA21F3265AFAF2346C60193 /* Pods-WeatherApp.debug.xcconfig */,
				2D2B138570684D0013C3F018 /* Pods-WeatherApp.release.xcconfig */,
			);
			name = Pods;
			sourceTree = "<group>";
		};
/* End PBXGroup section */

/* Begin PBXNativeTarget section */
		3BE4EAD6219CA16F002D8E57 /* WeatherApp */ = {
			isa = PBXNativeTarget;
			buildConfigurationList = 3BE4EAE9219CA170002D8E57 /* Build configuration list for PBXNativeTarget "WeatherApp" */;
			buildPhases = (
				B438DD39534CCA53418C98A8 /* [CP] Check Pods Manifest.lock */,
				3BE4EAD3219CA16F002D8E57 /* Sources */,
				3BE4EAD4219CA16F002D8E57 /* Frameworks */,
				3BE4EAD5219CA16F002D8E57 /* Resources */,
				F84EBE7733DCF78F16E2E720 /* [CP] Embed Pods Frameworks */,
			);
			buildRules = (
			);
			dependencies = (
			);
			name = WeatherApp;
			productName = WeatherApp;
			productReference = 3BE4EAD7219CA170002D8E57 /* WeatherApp.app */;
			productType = "com.apple.product-type.application";
		};
/* End PBXNativeTarget section */

/* Begin PBXProject section */
		3BE4EACF219CA16F002D8E57 /* Project object */ = {
			isa = PBXProject;
			attributes = {
				LastSwiftUpdateCheck = 1010;
				LastUpgradeCheck = 1010;
				ORGANIZATIONNAME = "Briley Barron";
				TargetAttributes = {
					3BE4EAD6219CA16F002D8E57 = {
						CreatedOnToolsVersion = 10.1;
					};
				};
			};
			buildConfigurationList = 3BE4EAD2219CA16F002D8E57 /* Build configuration list for PBXProject "WeatherApp" */;
			compatibilityVersion = "Xcode 9.3";
			developmentRegion = en;
			hasScannedForEncodings = 0;
			knownRegions = (
				en,
				Base,
			);
			mainGroup = 3BE4EACE219CA16F002D8E57;
			productRefGroup = 3BE4EAD8219CA170002D8E57 /* Products */;
			projectDirPath = "";
			projectRoot = "";
			targets = (
				3BE4EAD6219CA16F002D8E57 /* WeatherApp */,
			);
		};
/* End PBXProject section */

/* Begin PBXResourcesBuildPhase section */
		3BE4EAD5219CA16F002D8E57 /* Resources */ = {
			isa = PBXResourcesBuildPhase;
			buildActionMask = 2147483647;
			files = (
				3BE4EAE5219CA170002D8E57 /* LaunchScreen.storyboard in Resources */,
				3BE4EAE2219CA170002D8E57 /* Assets.xcassets in Resources */,
				3BE4EAE0219CA170002D8E57 /* Main.storyboard in Resources */,
			);
			runOnlyForDeploymentPostprocessing = 0;
		};
/* End PBXResourcesBuildPhase section */

/* Begin PBXShellScriptBuildPhase section */
		B438DD39534CCA53418C98A8 /* [CP] Check Pods Manifest.lock */ = {
			isa = PBXShellScriptBuildPhase;
			buildActionMask = 2147483647;
			files = (
			);
			inputPaths = (
				"${PODS_PODFILE_DIR_PATH}/Podfile.lock",
				"${PODS_ROOT}/Manifest.lock",
			);
			name = "[CP] Check Pods Manifest.lock";
			outputPaths = (
				"$(DERIVED_FILE_DIR)/Pods-WeatherApp-checkManifestLockResult.txt",
			);
			runOnlyForDeploymentPostprocessing = 0;
			shellPath = /bin/sh;
			shellScript = "diff \"${PODS_PODFILE_DIR_PATH}/Podfile.lock\" \"${PODS_ROOT}/Manifest.lock\" > /dev/null\nif [ $? != 0 ] ; then\n    # print error to STDERR\n    echo \"error: The sandbox is not in sync with the Podfile.lock. Run 'pod install' or update your CocoaPods installation.\" >&2\n    exit 1\nfi\n# This output is used by Xcode 'outputs' to avoid re-running this script phase.\necho \"SUCCESS\" > \"${SCRIPT_OUTPUT_FILE_0}\"\n";
			showEnvVarsInLog = 0;
		};
		F84EBE7733DCF78F16E2E720 /* [CP] Embed Pods Frameworks */ = {
			isa = PBXShellScriptBuildPhase;
			buildActionMask = 2147483647;
			files = (
			);
			inputPaths = (
				"${SRCROOT}/Pods/Target Support Files/Pods-WeatherApp/Pods-WeatherApp-frameworks.sh",
				"${BUILT_PRODUCTS_DIR}/Alamofire/Alamofire.framework",
				"${BUILT_PRODUCTS_DIR}/SwiftyJSON/SwiftyJSON.framework",
			);
			name = "[CP] Embed Pods Frameworks";
			outputPaths = (
				"${TARGET_BUILD_DIR}/${FRAMEWORKS_FOLDER_PATH}/Alamofire.framework",
				"${TARGET_BUILD_DIR}/${FRAMEWORKS_FOLDER_PATH}/SwiftyJSON.framework",
			);
			runOnlyForDeploymentPostprocessing = 0;
			shellPath = /bin/sh;
			shellScript = "\"${SRCROOT}/Pods/Target Support Files/Pods-WeatherApp/Pods-WeatherApp-frameworks.sh\"\n";
			showEnvVarsInLog = 0;
		};
/* End PBXShellScriptBuildPhase section */

/* Begin PBXSourcesBuildPhase section */
		3BE4EAD3219CA16F002D8E57 /* Sources */ = {
			isa = PBXSourcesBuildPhase;
			buildActionMask = 2147483647;
			files = (
				3BE4EADD219CA170002D8E57 /* ViewController.swift in Sources */,
				3BE4EAF2219CA6B2002D8E57 /* APIKey.swift in Sources */,
				3BE4EAF8219CAAB7002D8E57 /* APIManager.swift in Sources */,
				3BE4EAF5219CAA18002D8E57 /* Location.swift in Sources */,
				3BE4EADB219CA170002D8E57 /* AppDelegate.swift in Sources */,
			);
			runOnlyForDeploymentPostprocessing = 0;
		};
/* End PBXSourcesBuildPhase section */

/* Begin PBXVariantGroup section */
		3BE4EADE219CA170002D8E57 /* Main.storyboard */ = {
			isa = PBXVariantGroup;
			children = (
				3BE4EADF219CA170002D8E57 /* Base */,
			);
			name = Main.storyboard;
			sourceTree = "<group>";
		};
		3BE4EAE3219CA170002D8E57 /* LaunchScreen.storyboard */ = {
			isa = PBXVariantGroup;
			children = (
				3BE4EAE4219CA170002D8E57 /* Base */,
			);
			name = LaunchScreen.storyboard;
			sourceTree = "<group>";
		};
/* End PBXVariantGroup section */

/* Begin XCBuildConfiguration section */
		3BE4EAE7219CA170002D8E57 /* Debug */ = {
			isa = XCBuildConfiguration;
			buildSettings = {
				ALWAYS_SEARCH_USER_PATHS = NO;
				CLANG_ANALYZER_NONNULL = YES;
				CLANG_ANALYZER_NUMBER_OBJECT_CONVERSION = YES_AGGRESSIVE;
				CLANG_CXX_LANGUAGE_STANDARD = "gnu++14";
				CLANG_CXX_LIBRARY = "libc++";
				CLANG_ENABLE_MODULES = YES;
				CLANG_ENABLE_OBJC_ARC = YES;
				CLANG_ENABLE_OBJC_WEAK = YES;
				CLANG_WARN_BLOCK_CAPTURE_AUTORELEASING = YES;
				CLANG_WARN_BOOL_CONVERSION = YES;
				CLANG_WARN_COMMA = YES;
				CLANG_WARN_CONSTANT_CONVERSION = YES;
				CLANG_WARN_DEPRECATED_OBJC_IMPLEMENTATIONS = YES;
				CLANG_WARN_DIRECT_OBJC_ISA_USAGE = YES_ERROR;
				CLANG_WARN_DOCUMENTATION_COMMENTS = YES;
				CLANG_WARN_EMPTY_BODY = YES;
				CLANG_WARN_ENUM_CONVERSION = YES;
				CLANG_WARN_INFINITE_RECURSION = YES;
				CLANG_WARN_INT_CONVERSION = YES;
				CLANG_WARN_NON_LITERAL_NULL_CONVERSION = YES;
				CLANG_WARN_OBJC_IMPLICIT_RETAIN_SELF = YES;
				CLANG_WARN_OBJC_LITERAL_CONVERSION = YES;
				CLANG_WARN_OBJC_ROOT_CLASS = YES_ERROR;
				CLANG_WARN_RANGE_LOOP_ANALYSIS = YES;
				CLANG_WARN_STRICT_PROTOTYPES = YES;
				CLANG_WARN_SUSPICIOUS_MOVE = YES;
				CLANG_WARN_UNGUARDED_AVAILABILITY = YES_AGGRESSIVE;
				CLANG_WARN_UNREACHABLE_CODE = YES;
				CLANG_WARN__DUPLICATE_METHOD_MATCH = YES;
				CODE_SIGN_IDENTITY = "iPhone Developer";
				COPY_PHASE_STRIP = NO;
				DEBUG_INFORMATION_FORMAT = dwarf;
				ENABLE_STRICT_OBJC_MSGSEND = YES;
				ENABLE_TESTABILITY = YES;
				GCC_C_LANGUAGE_STANDARD = gnu11;
				GCC_DYNAMIC_NO_PIC = NO;
				GCC_NO_COMMON_BLOCKS = YES;
				GCC_OPTIMIZATION_LEVEL = 0;
				GCC_PREPROCESSOR_DEFINITIONS = (
					"DEBUG=1",
					"$(inherited)",
				);
				GCC_WARN_64_TO_32_BIT_CONVERSION = YES;
				GCC_WARN_ABOUT_RETURN_TYPE = YES_ERROR;
				GCC_WARN_UNDECLARED_SELECTOR = YES;
				GCC_WARN_UNINITIALIZED_AUTOS = YES_AGGRESSIVE;
				GCC_WARN_UNUSED_FUNCTION = YES;
				GCC_WARN_UNUSED_VARIABLE = YES;
				IPHONEOS_DEPLOYMENT_TARGET = 12.1;
				MTL_ENABLE_DEBUG_INFO = INCLUDE_SOURCE;
				MTL_FAST_MATH = YES;
				ONLY_ACTIVE_ARCH = YES;
				SDKROOT = iphoneos;
				SWIFT_ACTIVE_COMPILATION_CONDITIONS = DEBUG;
				SWIFT_OPTIMIZATION_LEVEL = "-Onone";
			};
			name = Debug;
		};
		3BE4EAE8219CA170002D8E57 /* Release */ = {
			isa = XCBuildConfiguration;
			buildSettings = {
				ALWAYS_SEARCH_USER_PATHS = NO;
				CLANG_ANALYZER_NONNULL = YES;
				CLANG_ANALYZER_NUMBER_OBJECT_CONVERSION = YES_AGGRESSIVE;
				CLANG_CXX_LANGUAGE_STANDARD = "gnu++14";
				CLANG_CXX_LIBRARY = "libc++";
				CLANG_ENABLE_MODULES = YES;
				CLANG_ENABLE_OBJC_ARC = YES;
				CLANG_ENABLE_OBJC_WEAK = YES;
				CLANG_WARN_BLOCK_CAPTURE_AUTORELEASING = YES;
				CLANG_WARN_BOOL_CONVERSION = YES;
				CLANG_WARN_COMMA = YES;
				CLANG_WARN_CONSTANT_CONVERSION = YES;
				CLANG_WARN_DEPRECATED_OBJC_IMPLEMENTATIONS = YES;
				CLANG_WARN_DIRECT_OBJC_ISA_USAGE = YES_ERROR;
				CLANG_WARN_DOCUMENTATION_COMMENTS = YES;
				CLANG_WARN_EMPTY_BODY = YES;
				CLANG_WARN_ENUM_CONVERSION = YES;
				CLANG_WARN_INFINITE_RECURSION = YES;
				CLANG_WARN_INT_CONVERSION = YES;
				CLANG_WARN_NON_LITERAL_NULL_CONVERSION = YES;
				CLANG_WARN_OBJC_IMPLICIT_RETAIN_SELF = YES;
				CLANG_WARN_OBJC_LITERAL_CONVERSION = YES;
				CLANG_WARN_OBJC_ROOT_CLASS = YES_ERROR;
				CLANG_WARN_RANGE_LOOP_ANALYSIS = YES;
				CLANG_WARN_STRICT_PROTOTYPES = YES;
				CLANG_WARN_SUSPICIOUS_MOVE = YES;
				CLANG_WARN_UNGUARDED_AVAILABILITY = YES_AGGRESSIVE;
				CLANG_WARN_UNREACHABLE_CODE = YES;
				CLANG_WARN__DUPLICATE_METHOD_MATCH = YES;
				CODE_SIGN_IDENTITY = "iPhone Developer";
				COPY_PHASE_STRIP = NO;
				DEBUG_INFORMATION_FORMAT = "dwarf-with-dsym";
				ENABLE_NS_ASSERTIONS = NO;
				ENABLE_STRICT_OBJC_MSGSEND = YES;
				GCC_C_LANGUAGE_STANDARD = gnu11;
				GCC_NO_COMMON_BLOCKS = YES;
				GCC_WARN_64_TO_32_BIT_CONVERSION = YES;
				GCC_WARN_ABOUT_RETURN_TYPE = YES_ERROR;
				GCC_WARN_UNDECLARED_SELECTOR = YES;
				GCC_WARN_UNINITIALIZED_AUTOS = YES_AGGRESSIVE;
				GCC_WARN_UNUSED_FUNCTION = YES;
				GCC_WARN_UNUSED_VARIABLE = YES;
				IPHONEOS_DEPLOYMENT_TARGET = 12.1;
				MTL_ENABLE_DEBUG_INFO = NO;
				MTL_FAST_MATH = YES;
				SDKROOT = iphoneos;
				SWIFT_COMPILATION_MODE = wholemodule;
				SWIFT_OPTIMIZATION_LEVEL = "-O";
				VALIDATE_PRODUCT = YES;
			};
			name = Release;
		};
		3BE4EAEA219CA170002D8E57 /* Debug */ = {
			isa = XCBuildConfiguration;
			baseConfigurationReference = 3DA21F3265AFAF2346C60193 /* Pods-WeatherApp.debug.xcconfig */;
			buildSettings = {
				ASSETCATALOG_COMPILER_APPICON_NAME = AppIcon;
				CODE_SIGN_STYLE = Automatic;
				DEVELOPMENT_TEAM = TTVLBN33C8;
				INFOPLIST_FILE = WeatherApp/Info.plist;
				LD_RUNPATH_SEARCH_PATHS = (
					"$(inherited)",
					"@executable_path/Frameworks",
				);
				PRODUCT_BUNDLE_IDENTIFIER = com.brileybarron.WeatherApp;
				PRODUCT_NAME = "$(TARGET_NAME)";
				SWIFT_VERSION = 4.2;
				TARGETED_DEVICE_FAMILY = "1,2";
			};
			name = Debug;
		};
		3BE4EAEB219CA170002D8E57 /* Release */ = {
			isa = XCBuildConfiguration;
			baseConfigurationReference = 2D2B138570684D0013C3F018 /* Pods-WeatherApp.release.xcconfig */;
			buildSettings = {
				ASSETCATALOG_COMPILER_APPICON_NAME = AppIcon;
				CODE_SIGN_STYLE = Automatic;
				DEVELOPMENT_TEAM = TTVLBN33C8;
				INFOPLIST_FILE = WeatherApp/Info.plist;
				LD_RUNPATH_SEARCH_PATHS = (
					"$(inherited)",
					"@executable_path/Frameworks",
				);
				PRODUCT_BUNDLE_IDENTIFIER = com.brileybarron.WeatherApp;
				PRODUCT_NAME = "$(TARGET_NAME)";
				SWIFT_VERSION = 4.2;
				TARGETED_DEVICE_FAMILY = "1,2";
			};
			name = Release;
		};
/* End XCBuildConfiguration section */

/* Begin XCConfigurationList section */
		3BE4EAD2219CA16F002D8E57 /* Build configuration list for PBXProject "WeatherApp" */ = {
			isa = XCConfigurationList;
			buildConfigurations = (
				3BE4EAE7219CA170002D8E57 /* Debug */,
				3BE4EAE8219CA170002D8E57 /* Release */,
			);
			defaultConfigurationIsVisible = 0;
			defaultConfigurationName = Release;
		};
		3BE4EAE9219CA170002D8E57 /* Build configuration list for PBXNativeTarget "WeatherApp" */ = {
			isa = XCConfigurationList;
			buildConfigurations = (
				3BE4EAEA219CA170002D8E57 /* Debug */,
				3BE4EAEB219CA170002D8E57 /* Release */,
			);
			defaultConfigurationIsVisible = 0;
			defaultConfigurationName = Release;
		};
/* End XCConfigurationList section */
	};
	rootObject = 3BE4EACF219CA16F002D8E57 /* Project object */;
}
